
Microsoft Visual Studio Solution File, Format Version 12.00
# Visual Studio Version 16
VisualStudioVersion = 16.0.29709.97
MinimumVisualStudioVersion = 10.0.40219.1
Project("{FAE04EC0-301F-11D3-BF4B-00C04F79EFBC}") = "MVCCoreApp", "MVCCoreApp\MVCCoreApp.csproj", "{A0BD0716-CAFD-467C-BA2F-7745A0112AEB}"
EndProject
Global
	GlobalSection(SolutionConfigurationPlatforms) = preSolution
		Debug|Any CPU = Debug|Any CPU
		Release|Any CPU = Release|Any CPU
	EndGlobalSection
	GlobalSection(ProjectConfigurationPlatforms) = postSolution
		{A0BD0716-CAFD-467C-BA2F-7745A0112AEB}.Debug|Any CPU.ActiveCfg = Debug|Any CPU
		{A0BD0716-CAFD-467C-BA2F-7745A0112AEB}.Debug|Any CPU.Build.0 = Debug|Any CPU
		{A0BD0716-CAFD-467C-BA2F-7745A0112AEB}.Release|Any CPU.ActiveCfg = Release|Any CPU
		{A0BD0716-CAFD-467C-BA2F-7745A0112AEB}.Release|Any CPU.Build.0 = Release|Any CPU
	EndGlobalSection
	GlobalSection(SolutionProperties) = preSolution
		HideSolutionNode = FALSE
	EndGlobalSection
	GlobalSection(ExtensibilityGlobals) = postSolution
		SolutionGuid = {D454E478-EE3C-4A7B-8310-C19019AAF786}
	EndGlobalSection
EndGlobal
